
Microsoft Visual Studio Solution File, Format Version 12.00
# Visual Studio Version 17
VisualStudioVersion = 17.7.34024.191
MinimumVisualStudioVersion = 10.0.40219.1
Project("{9A19103F-16F7-4668-BE54-9A1E7A4F7556}") = "DTOs", "DTOs\DTOs.csproj", "{18C7DB4C-9E55-4C8E-9429-CD31F6F3FCBD}"
EndProject
Project("{2150E333-8FDC-42A3-9474-1A3956D46DE8}") = "0_DTOs", "0_DTOs", "{1F407857-B387-4805-816B-F2ADD81B5A1B}"
EndProject
Project("{2150E333-8FDC-42A3-9474-1A3956D46DE8}") = "1_DataAccess", "1_DataAccess", "{E65F0877-D824-44AC-8516-33047B57DD41}"
EndProject
Project("{9A19103F-16F7-4668-BE54-9A1E7A4F7556}") = "DataAccess", "DataAccess\DataAccess.csproj", "{E0BC0570-EE3B-4C24-966E-574C7E68DE75}"
EndProject
Project("{2150E333-8FDC-42A3-9474-1A3956D46DE8}") = "2_CoreApp", "2_CoreApp", "{0D0AB053-F1CD-42FC-9F25-8E208EEA3904}"
EndProject
Project("{9A19103F-16F7-4668-BE54-9A1E7A4F7556}") = "CoreApp", "CoreApp\CoreApp.csproj", "{0586368C-6A48-4989-8830-D487FF970810}"
EndProject
Project("{2150E333-8FDC-42A3-9474-1A3956D46DE8}") = "3_API", "3_API", "{F77DD9EB-FEAA-4B71-9F52-603837EE5CA4}"
EndProject
Project("{9A19103F-16F7-4668-BE54-9A1E7A4F7556}") = "WebAPI", "WebAPI\WebAPI.csproj", "{4D5922CD-3181-4CB1-B1E1-B0CBE57BA229}"
EndProject
Project("{2150E333-8FDC-42A3-9474-1A3956D46DE8}") = "4_WebApp", "4_WebApp", "{4A641049-2B04-4FAE-8BB3-59850C99FB92}"
EndProject
Project("{9A19103F-16F7-4668-BE54-9A1E7A4F7556}") = "WebApp", "WebApp\WebApp.csproj", "{38954066-0688-47C0-BB06-C7D9F4DD0377}"
EndProject
Global
	GlobalSection(SolutionConfigurationPlatforms) = preSolution
		Debug|Any CPU = Debug|Any CPU
		Release|Any CPU = Release|Any CPU
	EndGlobalSection
	GlobalSection(ProjectConfigurationPlatforms) = postSolution
		{18C7DB4C-9E55-4C8E-9429-CD31F6F3FCBD}.Debug|Any CPU.ActiveCfg = Debug|Any CPU
		{18C7DB4C-9E55-4C8E-9429-CD31F6F3FCBD}.Debug|Any CPU.Build.0 = Debug|Any CPU
		{18C7DB4C-9E55-4C8E-9429-CD31F6F3FCBD}.Release|Any CPU.ActiveCfg = Release|Any CPU
		{18C7DB4C-9E55-4C8E-9429-CD31F6F3FCBD}.Release|Any CPU.Build.0 = Release|Any CPU
		{E0BC0570-EE3B-4C24-966E-574C7E68DE75}.Debug|Any CPU.ActiveCfg = Debug|Any CPU
		{E0BC0570-EE3B-4C24-966E-574C7E68DE75}.Debug|Any CPU.Build.0 = Debug|Any CPU
		{E0BC0570-EE3B-4C24-966E-574C7E68DE75}.Release|Any CPU.ActiveCfg = Release|Any CPU
		{E0BC0570-EE3B-4C24-966E-574C7E68DE75}.Release|Any CPU.Build.0 = Release|Any CPU
		{0586368C-6A48-4989-8830-D487FF970810}.Debug|Any CPU.ActiveCfg = Debug|Any CPU
		{0586368C-6A48-4989-8830-D487FF970810}.Debug|Any CPU.Build.0 = Debug|Any CPU
		{0586368C-6A48-4989-8830-D487FF970810}.Release|Any CPU.ActiveCfg = Release|Any CPU
		{0586368C-6A48-4989-8830-D487FF970810}.Release|Any CPU.Build.0 = Release|Any CPU
		{4D5922CD-3181-4CB1-B1E1-B0CBE57BA229}.Debug|Any CPU.ActiveCfg = Debug|Any CPU
		{4D5922CD-3181-4CB1-B1E1-B0CBE57BA229}.Debug|Any CPU.Build.0 = Debug|Any CPU
		{4D5922CD-3181-4CB1-B1E1-B0CBE57BA229}.Release|Any CPU.ActiveCfg = Release|Any CPU
		{4D5922CD-3181-4CB1-B1E1-B0CBE57BA229}.Release|Any CPU.Build.0 = Release|Any CPU
		{38954066-0688-47C0-BB06-C7D9F4DD0377}.Debug|Any CPU.ActiveCfg = Debug|Any CPU
		{38954066-0688-47C0-BB06-C7D9F4DD0377}.Debug|Any CPU.Build.0 = Debug|Any CPU
		{38954066-0688-47C0-BB06-C7D9F4DD0377}.Release|Any CPU.ActiveCfg = Release|Any CPU
		{38954066-0688-47C0-BB06-C7D9F4DD0377}.Release|Any CPU.Build.0 = Release|Any CPU
	EndGlobalSection
	GlobalSection(SolutionProperties) = preSolution
		HideSolutionNode = FALSE
	EndGlobalSection
	GlobalSection(NestedProjects) = preSolution
		{18C7DB4C-9E55-4C8E-9429-CD31F6F3FCBD} = {1F407857-B387-4805-816B-F2ADD81B5A1B}
		{E0BC0570-EE3B-4C24-966E-574C7E68DE75} = {E65F0877-D824-44AC-8516-33047B57DD41}
		{0586368C-6A48-4989-8830-D487FF970810} = {0D0AB053-F1CD-42FC-9F25-8E208EEA3904}
		{4D5922CD-3181-4CB1-B1E1-B0CBE57BA229} = {F77DD9EB-FEAA-4B71-9F52-603837EE5CA4}
		{38954066-0688-47C0-BB06-C7D9F4DD0377} = {4A641049-2B04-4FAE-8BB3-59850C99FB92}
	EndGlobalSection
	GlobalSection(ExtensibilityGlobals) = postSolution
		SolutionGuid = {2D00ED57-AFA5-4AFD-B5A8-32498D15C46F}
	EndGlobalSection
EndGlobal
